
Microsoft Visual Studio Solution File, Format Version 12.00
# Visual Studio Version 16
VisualStudioVersion = 16.0.31205.134
MinimumVisualStudioVersion = 10.0.40219.1
Project("{FAE04EC0-301F-11D3-BF4B-00C04F79EFBC}") = "CustomLogger.LoggingAPI", "CustomLogger.LoggingAPI\CustomLogger.LoggingAPI.csproj", "{71E6CB12-CB91-4A71-ACFE-CF2E8000B062}"
EndProject
Project("{FAE04EC0-301F-11D3-BF4B-00C04F79EFBC}") = "CustomLogger.Domain", "CustomLogger.Domain\CustomLogger.Domain.csproj", "{31C829CA-FFDD-4E2A-8C13-B7F81FF499C9}"
EndProject
Project("{FAE04EC0-301F-11D3-BF4B-00C04F79EFBC}") = "CustomLogger.Data.MongoDB", "CustomLogger.Data.MongoDB\CustomLogger.Data.MongoDB.csproj", "{C7399E29-5518-4E29-8685-62A94CAEEB11}"
EndProject
Global
	GlobalSection(SolutionConfigurationPlatforms) = preSolution
		Debug|Any CPU = Debug|Any CPU
		Release|Any CPU = Release|Any CPU
	EndGlobalSection
	GlobalSection(ProjectConfigurationPlatforms) = postSolution
		{71E6CB12-CB91-4A71-ACFE-CF2E8000B062}.Debug|Any CPU.ActiveCfg = Debug|Any CPU
		{71E6CB12-CB91-4A71-ACFE-CF2E8000B062}.Debug|Any CPU.Build.0 = Debug|Any CPU
		{71E6CB12-CB91-4A71-ACFE-CF2E8000B062}.Release|Any CPU.ActiveCfg = Release|Any CPU
		{71E6CB12-CB91-4A71-ACFE-CF2E8000B062}.Release|Any CPU.Build.0 = Release|Any CPU
		{31C829CA-FFDD-4E2A-8C13-B7F81FF499C9}.Debug|Any CPU.ActiveCfg = Debug|Any CPU
		{31C829CA-FFDD-4E2A-8C13-B7F81FF499C9}.Debug|Any CPU.Build.0 = Debug|Any CPU
		{31C829CA-FFDD-4E2A-8C13-B7F81FF499C9}.Release|Any CPU.ActiveCfg = Release|Any CPU
		{31C829CA-FFDD-4E2A-8C13-B7F81FF499C9}.Release|Any CPU.Build.0 = Release|Any CPU
		{C7399E29-5518-4E29-8685-62A94CAEEB11}.Debug|Any CPU.ActiveCfg = Debug|Any CPU
		{C7399E29-5518-4E29-8685-62A94CAEEB11}.Debug|Any CPU.Build.0 = Debug|Any CPU
		{C7399E29-5518-4E29-8685-62A94CAEEB11}.Release|Any CPU.ActiveCfg = Release|Any CPU
		{C7399E29-5518-4E29-8685-62A94CAEEB11}.Release|Any CPU.Build.0 = Release|Any CPU
	EndGlobalSection
	GlobalSection(SolutionProperties) = preSolution
		HideSolutionNode = FALSE
	EndGlobalSection
	GlobalSection(ExtensibilityGlobals) = postSolution
		SolutionGuid = {029746AD-FC86-45AE-82B4-ECD42DEE6613}
	EndGlobalSection
EndGlobal
